
Microsoft Visual Studio Solution File, Format Version 12.00
# Visual Studio 15
VisualStudioVersion = 15.0.28010.2050
MinimumVisualStudioVersion = 10.0.40219.1
Project("{FAE04EC0-301F-11D3-BF4B-00C04F79EFBC}") = "subtitles", "subtitles\subtitles.csproj", "{BCBCC731-ADBE-47E3-A9C6-58088416C4AB}"
EndProject
Global
	GlobalSection(SolutionConfigurationPlatforms) = preSolution
		Debug|Any CPU = Debug|Any CPU
		Release|Any CPU = Release|Any CPU
	EndGlobalSection
	GlobalSection(ProjectConfigurationPlatforms) = postSolution
		{BCBCC731-ADBE-47E3-A9C6-58088416C4AB}.Debug|Any CPU.ActiveCfg = Debug|Any CPU
		{BCBCC731-ADBE-47E3-A9C6-58088416C4AB}.Debug|Any CPU.Build.0 = Debug|Any CPU
		{BCBCC731-ADBE-47E3-A9C6-58088416C4AB}.Release|Any CPU.ActiveCfg = Release|Any CPU
		{BCBCC731-ADBE-47E3-A9C6-58088416C4AB}.Release|Any CPU.Build.0 = Release|Any CPU
	EndGlobalSection
	GlobalSection(SolutionProperties) = preSolution
		HideSolutionNode = FALSE
	EndGlobalSection
	GlobalSection(ExtensibilityGlobals) = postSolution
		SolutionGuid = {6F45B04E-8479-4F92-803A-356650B3B8E7}
	EndGlobalSection
EndGlobal
